// !$*UTF8*$!
{
	archiveVersion = 1;
	classes = {
	};
	objectVersion = 56;
	objects = {

/* Begin PBXBuildFile section */
		32A4BCBD2A0A423D0052282F /* AppDelegate.swift in Sources */ = {isa = PBXBuildFile; fileRef = 32A4BCBC2A0A423D0052282F /* AppDelegate.swift */; };
		32A4BCBF2A0A423D0052282F /* SceneDelegate.swift in Sources */ = {isa = PBXBuildFile; fileRef = 32A4BCBE2A0A423D0052282F /* SceneDelegate.swift */; };
		32A4BCC12A0A423D0052282F /* ViewController.swift in Sources */ = {isa = PBXBuildFile; fileRef = 32A4BCC02A0A423D0052282F /* ViewController.swift */; };
		32A4BCC42A0A423D0052282F /* Main.storyboard in Resources */ = {isa = PBXBuildFile; fileRef = 32A4BCC22A0A423D0052282F /* Main.storyboard */; };
		32A4BCC62A0A42400052282F /* Assets.xcassets in Resources */ = {isa = PBXBuildFile; fileRef = 32A4BCC52A0A42400052282F /* Assets.xcassets */; };
		32A4BCC92A0A42400052282F /* LaunchScreen.storyboard in Resources */ = {isa = PBXBuildFile; fileRef = 32A4BCC72A0A42400052282F /* LaunchScreen.storyboard */; };
		32CE1AFA2A0A4529004585F0 /* User.swift in Sources */ = {isa = PBXBuildFile; fileRef = 32CE1AF92A0A4529004585F0 /* User.swift */; };
		32CE1AFD2A0A46B6004585F0 /* Parser.swift in Sources */ = {isa = PBXBuildFile; fileRef = 32CE1AFC2A0A46B6004585F0 /* Parser.swift */; };
/* End PBXBuildFile section */

/* Begin PBXFileReference section */
		32A4BCB92A0A423D0052282F /* MVVMModelWithApiCall.app */ = {isa = PBXFileReference; explicitFileType = wrapper.application; includeInIndex = 0; path = MVVMModelWithApiCall.app; sourceTree = BUILT_PRODUCTS_DIR; };
		32A4BCBC2A0A423D0052282F /* AppDelegate.swift */ = {isa = PBXFileReference; lastKnownFileType = sourcecode.swift; path = AppDelegate.swift; sourceTree = "<group>"; };
		32A4BCBE2A0A423D0052282F /* SceneDelegate.swift */ = {isa = PBXFileReference; lastKnownFileType = sourcecode.swift; path = SceneDelegate.swift; sourceTree = "<group>"; };
		32A4BCC02A0A423D0052282F /* ViewController.swift */ = {isa = PBXFileReference; lastKnownFileType = sourcecode.swift; path = ViewController.swift; sourceTree = "<group>"; };
		32A4BCC32A0A423D0052282F /* Base */ = {isa = PBXFileReference; lastKnownFileType = file.storyboard; name = Base; path = Base.lproj/Main.storyboard; sourceTree = "<group>"; };
		32A4BCC52A0A42400052282F /* Assets.xcassets */ = {isa = PBXFileReference; lastKnownFileType = folder.assetcatalog; path = Assets.xcassets; sourceTree = "<group>"; };
		32A4BCC82A0A42400052282F /* Base */ = {isa = PBXFileReference; lastKnownFileType = file.storyboard; name = Base; path = Base.lproj/LaunchScreen.storyboard; sourceTree = "<group>"; };
		32A4BCCA2A0A42400052282F /* Info.plist */ = {isa = PBXFileReference; lastKnownFileType = text.plist.xml; path = Info.plist; sourceTree = "<group>"; };
		32CE1AF92A0A4529004585F0 /* User.swift */ = {isa = PBXFileReference; lastKnownFileType = sourcecode.swift; path = User.swift; sourceTree = "<group>"; };
		32CE1AFC2A0A46B6004585F0 /* Parser.swift */ = {isa = PBXFileReference; lastKnownFileType = sourcecode.swift; path = Parser.swift; sourceTree = "<group>"; };
/* End PBXFileReference section */

/* Begin PBXFrameworksBuildPhase section */
		32A4BCB62A0A423D0052282F /* Frameworks */ = {
			isa = PBXFrameworksBuildPhase;
			buildActionMask = 2147483647;
			files = (
			);
			runOnlyForDeploymentPostprocessing = 0;
		};
/* End PBXFrameworksBuildPhase section */

/* Begin PBXGroup section */
		32A4BCB02A0A423D0052282F = {
			isa = PBXGroup;
			children = (
				32A4BCBB2A0A423D0052282F /* MVVMModelWithApiCall */,
				32A4BCBA2A0A423D0052282F /* Products */,
			);
			sourceTree = "<group>";
		};
		32A4BCBA2A0A423D0052282F /* Products */ = {
			isa = PBXGroup;
			children = (
				32A4BCB92A0A423D0052282F /* MVVMModelWithApiCall.app */,
			);
			name = Products;
			sourceTree = "<group>";
		};
		32A4BCBB2A0A423D0052282F /* MVVMModelWithApiCall */ = {
			isa = PBXGroup;
			children = (
				32CE1AFE2A0A4B16004585F0 /* Controller */,
				32CE1AF82A0A44F1004585F0 /* Model */,
				32A4BCBC2A0A423D0052282F /* AppDelegate.swift */,
				32A4BCBE2A0A423D0052282F /* SceneDelegate.swift */,
				32A4BCC52A0A42400052282F /* Assets.xcassets */,
				32A4BCC72A0A42400052282F /* LaunchScreen.storyboard */,
				32A4BCCA2A0A42400052282F /* Info.plist */,
			);
			path = MVVMModelWithApiCall;
			sourceTree = "<group>";
		};
		32CE1AF82A0A44F1004585F0 /* Model */ = {
			isa = PBXGroup;
			children = (
				32CE1AFB2A0A467B004585F0 /* ViewModel */,
				32CE1AF92A0A4529004585F0 /* User.swift */,
			);
			path = Model;
			sourceTree = "<group>";
		};
		32CE1AFB2A0A467B004585F0 /* ViewModel */ = {
			isa = PBXGroup;
			children = (
				32CE1AFC2A0A46B6004585F0 /* Parser.swift */,
			);
			path = ViewModel;
			sourceTree = "<group>";
		};
		32CE1AFE2A0A4B16004585F0 /* Controller */ = {
			isa = PBXGroup;
			children = (
				32A4BCC22A0A423D0052282F /* Main.storyboard */,
				32A4BCC02A0A423D0052282F /* ViewController.swift */,
			);
			path = Controller;
			sourceTree = "<group>";
		};
/* End PBXGroup section */

/* Begin PBXNativeTarget section */
		32A4BCB82A0A423D0052282F /* MVVMModelWithApiCall */ = {
			isa = PBXNativeTarget;
			buildConfigurationList = 32A4BCCD2A0A42400052282F /* Build configuration list for PBXNativeTarget "MVVMModelWithApiCall" */;
			buildPhases = (
				32A4BCB52A0A423D0052282F /* Sources */,
				32A4BCB62A0A423D0052282F /* Frameworks */,
				32A4BCB72A0A423D0052282F /* Resources */,
			);
			buildRules = (
			);
			dependencies = (
			);
			name = MVVMModelWithApiCall;
			productName = MVVMModelWithApiCall;
			productReference = 32A4BCB92A0A423D0052282F /* MVVMModelWithApiCall.app */;
			productType = "com.apple.product-type.application";
		};
/* End PBXNativeTarget section */

/* Begin PBXProject section */
		32A4BCB12A0A423D0052282F /* Project object */ = {
			isa = PBXProject;
			attributes = {
				BuildIndependentTargetsInParallel = 1;
				LastSwiftUpdateCheck = 1420;
				LastUpgradeCheck = 1420;
				TargetAttributes = {
					32A4BCB82A0A423D0052282F = {
						CreatedOnToolsVersion = 14.2;
					};
				};
			};
			buildConfigurationList = 32A4BCB42A0A423D0052282F /* Build configuration list for PBXProject "MVVMModelWithApiCall" */;
			compatibilityVersion = "Xcode 14.0";
			developmentRegion = en;
			hasScannedForEncodings = 0;
			knownRegions = (
				en,
				Base,
			);
			mainGroup = 32A4BCB02A0A423D0052282F;
			productRefGroup = 32A4BCBA2A0A423D0052282F /* Products */;
			projectDirPath = "";
			projectRoot = "";
			targets = (
				32A4BCB82A0A423D0052282F /* MVVMModelWithApiCall */,
			);
		};
/* End PBXProject section */

/* Begin PBXResourcesBuildPhase section */
		32A4BCB72A0A423D0052282F /* Resources */ = {
			isa = PBXResourcesBuildPhase;
			buildActionMask = 2147483647;
			files = (
				32A4BCC92A0A42400052282F /* LaunchScreen.storyboard in Resources */,
				32A4BCC62A0A42400052282F /* Assets.xcassets in Resources */,
				32A4BCC42A0A423D0052282F /* Main.storyboard in Resources */,
			);
			runOnlyForDeploymentPostprocessing = 0;
		};
/* End PBXResourcesBuildPhase section */

/* Begin PBXSourcesBuildPhase section */
		32A4BCB52A0A423D0052282F /* Sources */ = {
			isa = PBXSourcesBuildPhase;
			buildActionMask = 2147483647;
			files = (
				32CE1AFA2A0A4529004585F0 /* User.swift in Sources */,
				32A4BCC12A0A423D0052282F /* ViewController.swift in Sources */,
				32CE1AFD2A0A46B6004585F0 /* Parser.swift in Sources */,
				32A4BCBD2A0A423D0052282F /* AppDelegate.swift in Sources */,
				32A4BCBF2A0A423D0052282F /* SceneDelegate.swift in Sources */,
			);
			runOnlyForDeploymentPostprocessing = 0;
		};
/* End PBXSourcesBuildPhase section */

/* Begin PBXVariantGroup section */
		32A4BCC22A0A423D0052282F /* Main.storyboard */ = {
			isa = PBXVariantGroup;
			children = (
				32A4BCC32A0A423D0052282F /* Base */,
			);
			name = Main.storyboard;
			sourceTree = "<group>";
		};
		32A4BCC72A0A42400052282F /* LaunchScreen.storyboard */ = {
			isa = PBXVariantGroup;
			children = (
				32A4BCC82A0A42400052282F /* Base */,
			);
			name = LaunchScreen.storyboard;
			sourceTree = "<group>";
		};
/* End PBXVariantGroup section */

/* Begin XCBuildConfiguration section */
		32A4BCCB2A0A42400052282F /* Debug */ = {
			isa = XCBuildConfiguration;
			buildSettings = {
				ALWAYS_SEARCH_USER_PATHS = NO;
				CLANG_ANALYZER_NONNULL = YES;
				CLANG_ANALYZER_NUMBER_OBJECT_CONVERSION = YES_AGGRESSIVE;
				CLANG_CXX_LANGUAGE_STANDARD = "gnu++20";
				CLANG_ENABLE_MODULES = YES;
				CLANG_ENABLE_OBJC_ARC = YES;
				CLANG_ENABLE_OBJC_WEAK = YES;
				CLANG_WARN_BLOCK_CAPTURE_AUTORELEASING = YES;
				CLANG_WARN_BOOL_CONVERSION = YES;
				CLANG_WARN_COMMA = YES;
				CLANG_WARN_CONSTANT_CONVERSION = YES;
				CLANG_WARN_DEPRECATED_OBJC_IMPLEMENTATIONS = YES;
				CLANG_WARN_DIRECT_OBJC_ISA_USAGE = YES_ERROR;
				CLANG_WARN_DOCUMENTATION_COMMENTS = YES;
				CLANG_WARN_EMPTY_BODY = YES;
				CLANG_WARN_ENUM_CONVERSION = YES;
				CLANG_WARN_INFINITE_RECURSION = YES;
				CLANG_WARN_INT_CONVERSION = YES;
				CLANG_WARN_NON_LITERAL_NULL_CONVERSION = YES;
				CLANG_WARN_OBJC_IMPLICIT_RETAIN_SELF = YES;
				CLANG_WARN_OBJC_LITERAL_CONVERSION = YES;
				CLANG_WARN_OBJC_ROOT_CLASS = YES_ERROR;
				CLANG_WARN_QUOTED_INCLUDE_IN_FRAMEWORK_HEADER = YES;
				CLANG_WARN_RANGE_LOOP_ANALYSIS = YES;
				CLANG_WARN_STRICT_PROTOTYPES = YES;
				CLANG_WARN_SUSPICIOUS_MOVE = YES;
				CLANG_WARN_UNGUARDED_AVAILABILITY = YES_AGGRESSIVE;
				CLANG_WARN_UNREACHABLE_CODE = YES;
				CLANG_WARN__DUPLICATE_METHOD_MATCH = YES;
				COPY_PHASE_STRIP = NO;
				DEBUG_INFORMATION_FORMAT = dwarf;
				ENABLE_STRICT_OBJC_MSGSEND = YES;
				ENABLE_TESTABILITY = YES;
				GCC_C_LANGUAGE_STANDARD = gnu11;
				GCC_DYNAMIC_NO_PIC = NO;
				GCC_NO_COMMON_BLOCKS = YES;
				GCC_OPTIMIZATION_LEVEL = 0;
				GCC_PREPROCESSOR_DEFINITIONS = (
					"DEBUG=1",
					"$(inherited)",
				);
				GCC_WARN_64_TO_32_BIT_CONVERSION = YES;
				GCC_WARN_ABOUT_RETURN_TYPE = YES_ERROR;
				GCC_WARN_UNDECLARED_SELECTOR = YES;
				GCC_WARN_UNINITIALIZED_AUTOS = YES_AGGRESSIVE;
				GCC_WARN_UNUSED_FUNCTION = YES;
				GCC_WARN_UNUSED_VARIABLE = YES;
				IPHONEOS_DEPLOYMENT_TARGET = 16.2;
				MTL_ENABLE_DEBUG_INFO = INCLUDE_SOURCE;
				MTL_FAST_MATH = YES;
				ONLY_ACTIVE_ARCH = YES;
				SDKROOT = iphoneos;
				SWIFT_ACTIVE_COMPILATION_CONDITIONS = DEBUG;
				SWIFT_OPTIMIZATION_LEVEL = "-Onone";
			};
			name = Debug;
		};
		32A4BCCC2A0A42400052282F /* Release */ = {
			isa = XCBuildConfiguration;
			buildSettings = {
				ALWAYS_SEARCH_USER_PATHS = NO;
				CLANG_ANALYZER_NONNULL = YES;
				CLANG_ANALYZER_NUMBER_OBJECT_CONVERSION = YES_AGGRESSIVE;
				CLANG_CXX_LANGUAGE_STANDARD = "gnu++20";
				CLANG_ENABLE_MODULES = YES;
				CLANG_ENABLE_OBJC_ARC = YES;
				CLANG_ENABLE_OBJC_WEAK = YES;
				CLANG_WARN_BLOCK_CAPTURE_AUTORELEASING = YES;
				CLANG_WARN_BOOL_CONVERSION = YES;
				CLANG_WARN_COMMA = YES;
				CLANG_WARN_CONSTANT_CONVERSION = YES;
				CLANG_WARN_DEPRECATED_OBJC_IMPLEMENTATIONS = YES;
				CLANG_WARN_DIRECT_OBJC_ISA_USAGE = YES_ERROR;
				CLANG_WARN_DOCUMENTATION_COMMENTS = YES;
				CLANG_WARN_EMPTY_BODY = YES;
				CLANG_WARN_ENUM_CONVERSION = YES;
				CLANG_WARN_INFINITE_RECURSION = YES;
				CLANG_WARN_INT_CONVERSION = YES;
				CLANG_WARN_NON_LITERAL_NULL_CONVERSION = YES;
				CLANG_WARN_OBJC_IMPLICIT_RETAIN_SELF = YES;
				CLANG_WARN_OBJC_LITERAL_CONVERSION = YES;
				CLANG_WARN_OBJC_ROOT_CLASS = YES_ERROR;
				CLANG_WARN_QUOTED_INCLUDE_IN_FRAMEWORK_HEADER = YES;
				CLANG_WARN_RANGE_LOOP_ANALYSIS = YES;
				CLANG_WARN_STRICT_PROTOTYPES = YES;
				CLANG_WARN_SUSPICIOUS_MOVE = YES;
				CLANG_WARN_UNGUARDED_AVAILABILITY = YES_AGGRESSIVE;
				CLANG_WARN_UNREACHABLE_CODE = YES;
				CLANG_WARN__DUPLICATE_METHOD_MATCH = YES;
				COPY_PHASE_STRIP = NO;
				DEBUG_INFORMATION_FORMAT = "dwarf-with-dsym";
				ENABLE_NS_ASSERTIONS = NO;
				ENABLE_STRICT_OBJC_MSGSEND = YES;
				GCC_C_LANGUAGE_STANDARD = gnu11;
				GCC_NO_COMMON_BLOCKS = YES;
				GCC_WARN_64_TO_32_BIT_CONVERSION = YES;
				GCC_WARN_ABOUT_RETURN_TYPE = YES_ERROR;
				GCC_WARN_UNDECLARED_SELECTOR = YES;
				GCC_WARN_UNINITIALIZED_AUTOS = YES_AGGRESSIVE;
				GCC_WARN_UNUSED_FUNCTION = YES;
				GCC_WARN_UNUSED_VARIABLE = YES;
				IPHONEOS_DEPLOYMENT_TARGET = 16.2;
				MTL_ENABLE_DEBUG_INFO = NO;
				MTL_FAST_MATH = YES;
				SDKROOT = iphoneos;
				SWIFT_COMPILATION_MODE = wholemodule;
				SWIFT_OPTIMIZATION_LEVEL = "-O";
				VALIDATE_PRODUCT = YES;
			};
			name = Release;
		};
		32A4BCCE2A0A42400052282F /* Debug */ = {
			isa = XCBuildConfiguration;
			buildSettings = {
				ASSETCATALOG_COMPILER_APPICON_NAME = AppIcon;
				ASSETCATALOG_COMPILER_GLOBAL_ACCENT_COLOR_NAME = AccentColor;
				CODE_SIGN_STYLE = Automatic;
				CURRENT_PROJECT_VERSION = 1;
				GENERATE_INFOPLIST_FILE = YES;
				INFOPLIST_FILE = MVVMModelWithApiCall/Info.plist;
				INFOPLIST_KEY_UIApplicationSupportsIndirectInputEvents = YES;
				INFOPLIST_KEY_UILaunchStoryboardName = LaunchScreen;
				INFOPLIST_KEY_UIMainStoryboardFile = Main;
				INFOPLIST_KEY_UISupportedInterfaceOrientations_iPad = "UIInterfaceOrientationPortrait UIInterfaceOrientationPortraitUpsideDown UIInterfaceOrientationLandscapeLeft UIInterfaceOrientationLandscapeRight";
				INFOPLIST_KEY_UISupportedInterfaceOrientations_iPhone = "UIInterfaceOrientationPortrait UIInterfaceOrientationLandscapeLeft UIInterfaceOrientationLandscapeRight";
				LD_RUNPATH_SEARCH_PATHS = (
					"$(inherited)",
					"@executable_path/Frameworks",
				);
				MARKETING_VERSION = 1.0;
				PRODUCT_BUNDLE_IDENTIFIER = sai.MVVMModelWithApiCall;
				PRODUCT_NAME = "$(TARGET_NAME)";
				SWIFT_EMIT_LOC_STRINGS = YES;
				SWIFT_VERSION = 5.0;
				TARGETED_DEVICE_FAMILY = "1,2";
			};
			name = Debug;
		};
		32A4BCCF2A0A42400052282F /* Release */ = {
			isa = XCBuildConfiguration;
			buildSettings = {
				ASSETCATALOG_COMPILER_APPICON_NAME = AppIcon;
				ASSETCATALOG_COMPILER_GLOBAL_ACCENT_COLOR_NAME = AccentColor;
				CODE_SIGN_STYLE = Automatic;
				CURRENT_PROJECT_VERSION = 1;
				GENERATE_INFOPLIST_FILE = YES;
				INFOPLIST_FILE = MVVMModelWithApiCall/Info.plist;
				INFOPLIST_KEY_UIApplicationSupportsIndirectInputEvents = YES;
				INFOPLIST_KEY_UILaunchStoryboardName = LaunchScreen;
				INFOPLIST_KEY_UIMainStoryboardFile = Main;
				INFOPLIST_KEY_UISupportedInterfaceOrientations_iPad = "UIInterfaceOrientationPortrait UIInterfaceOrientationPortraitUpsideDown UIInterfaceOrientationLandscapeLeft UIInterfaceOrientationLandscapeRight";
				INFOPLIST_KEY_UISupportedInterfaceOrientations_iPhone = "UIInterfaceOrientationPortrait UIInterfaceOrientationLandscapeLeft UIInterfaceOrientationLandscapeRight";
				LD_RUNPATH_SEARCH_PATHS = (
					"$(inherited)",
					"@executable_path/Frameworks",
				);
				MARKETING_VERSION = 1.0;
				PRODUCT_BUNDLE_IDENTIFIER = sai.MVVMModelWithApiCall;
				PRODUCT_NAME = "$(TARGET_NAME)";
				SWIFT_EMIT_LOC_STRINGS = YES;
				SWIFT_VERSION = 5.0;
				TARGETED_DEVICE_FAMILY = "1,2";
			};
			name = Release;
		};
/* End XCBuildConfiguration section */

/* Begin XCConfigurationList section */
		32A4BCB42A0A423D0052282F /* Build configuration list for PBXProject "MVVMModelWithApiCall" */ = {
			isa = XCConfigurationList;
			buildConfigurations = (
				32A4BCCB2A0A42400052282F /* Debug */,
				32A4BCCC2A0A42400052282F /* Release */,
			);
			defaultConfigurationIsVisible = 0;
			defaultConfigurationName = Release;
		};
		32A4BCCD2A0A42400052282F /* Build configuration list for PBXNativeTarget "MVVMModelWithApiCall" */ = {
			isa = XCConfigurationList;
			buildConfigurations = (
				32A4BCCE2A0A42400052282F /* Debug */,
				32A4BCCF2A0A42400052282F /* Release */,
			);
			defaultConfigurationIsVisible = 0;
			defaultConfigurationName = Release;
		};
/* End XCConfigurationList section */
	};
	rootObject = 32A4BCB12A0A423D0052282F /* Project object */;
}
